// !$*UTF8*$!
{
	archiveVersion = 1;
	classes = {
	};
	objectVersion = 46;
	objects = {

/* Begin PBXBuildFile section */
		30CED2A018C3A18E0020081A /* Foundation.framework in Frameworks */ = {isa = PBXBuildFile; fileRef = 30CED29F18C3A18E0020081A /* Foundation.framework */; };
		30CED2A218C3A18E0020081A /* CoreGraphics.framework in Frameworks */ = {isa = PBXBuildFile; fileRef = 30CED2A118C3A18E0020081A /* CoreGraphics.framework */; };
		30CED2A418C3A18E0020081A /* UIKit.framework in Frameworks */ = {isa = PBXBuildFile; fileRef = 30CED2A318C3A18E0020081A /* UIKit.framework */; };
		30CED2AA18C3A18E0020081A /* InfoPlist.strings in Resources */ = {isa = PBXBuildFile; fileRef = 30CED2A818C3A18E0020081A /* InfoPlist.strings */; };
		30CED2AC18C3A18E0020081A /* main.m in Sources */ = {isa = PBXBuildFile; fileRef = 30CED2AB18C3A18E0020081A /* main.m */; };
		30CED2B018C3A18E0020081A /* AppDelegate.m in Sources */ = {isa = PBXBuildFile; fileRef = 30CED2AF18C3A18E0020081A /* AppDelegate.m */; };
		30CED2B318C3A18E0020081A /* Main.storyboard in Resources */ = {isa = PBXBuildFile; fileRef = 30CED2B118C3A18E0020081A /* Main.storyboard */; };
		30CED2B618C3A18E0020081A /* ViewController.m in Sources */ = {isa = PBXBuildFile; fileRef = 30CED2B518C3A18E0020081A /* ViewController.m */; };
		30CED2B818C3A18E0020081A /* Images.xcassets in Resources */ = {isa = PBXBuildFile; fileRef = 30CED2B718C3A18E0020081A /* Images.xcassets */; };
		30CED2BF18C3A18E0020081A /* XCTest.framework in Frameworks */ = {isa = PBXBuildFile; fileRef = 30CED2BE18C3A18E0020081A /* XCTest.framework */; };
		30CED2C018C3A18E0020081A /* Foundation.framework in Frameworks */ = {isa = PBXBuildFile; fileRef = 30CED29F18C3A18E0020081A /* Foundation.framework */; };
		30CED2C118C3A18E0020081A /* UIKit.framework in Frameworks */ = {isa = PBXBuildFile; fileRef = 30CED2A318C3A18E0020081A /* UIKit.framework */; };
		30CED2C918C3A18E0020081A /* InfoPlist.strings in Resources */ = {isa = PBXBuildFile; fileRef = 30CED2C718C3A18E0020081A /* InfoPlist.strings */; };
		30CED2CB18C3A18E0020081A /* TweetTrendsTests.m in Sources */ = {isa = PBXBuildFile; fileRef = 30CED2CA18C3A18E0020081A /* TweetTrendsTests.m */; };
/* End PBXBuildFile section */

/* Begin PBXContainerItemProxy section */
		30CED2C218C3A18E0020081A /* PBXContainerItemProxy */ = {
			isa = PBXContainerItemProxy;
			containerPortal = 30CED29418C3A18E0020081A /* Project object */;
			proxyType = 1;
			remoteGlobalIDString = 30CED29B18C3A18E0020081A;
			remoteInfo = TweetTrends;
		};
/* End PBXContainerItemProxy section */

/* Begin PBXFileReference section */
		30CED29C18C3A18E0020081A /* TweetTrends.app */ = {isa = PBXFileReference; explicitFileType = wrapper.application; includeInIndex = 0; path = TweetTrends.app; sourceTree = BUILT_PRODUCTS_DIR; };
		30CED29F18C3A18E0020081A /* Foundation.framework */ = {isa = PBXFileReference; lastKnownFileType = wrapper.framework; name = Foundation.framework; path = System/Library/Frameworks/Foundation.framework; sourceTree = SDKROOT; };
		30CED2A118C3A18E0020081A /* CoreGraphics.framework */ = {isa = PBXFileReference; lastKnownFileType = wrapper.framework; name = CoreGraphics.framework; path = System/Library/Frameworks/CoreGraphics.framework; sourceTree = SDKROOT; };
		30CED2A318C3A18E0020081A /* UIKit.framework */ = {isa = PBXFileReference; lastKnownFileType = wrapper.framework; name = UIKit.framework; path = System/Library/Frameworks/UIKit.framework; sourceTree = SDKROOT; };
		30CED2A718C3A18E0020081A /* TweetTrends-Info.plist */ = {isa = PBXFileReference; lastKnownFileType = text.plist.xml; path = "TweetTrends-Info.plist"; sourceTree = "<group>"; };
		30CED2A918C3A18E0020081A /* en */ = {isa = PBXFileReference; lastKnownFileType = text.plist.strings; name = en; path = en.lproj/InfoPlist.strings; sourceTree = "<group>"; };
		30CED2AB18C3A18E0020081A /* main.m */ = {isa = PBXFileReference; lastKnownFileType = sourcecode.c.objc; path = main.m; sourceTree = "<group>"; };
		30CED2AD18C3A18E0020081A /* TweetTrends-Prefix.pch */ = {isa = PBXFileReference; lastKnownFileType = sourcecode.c.h; path = "TweetTrends-Prefix.pch"; sourceTree = "<group>"; };
		30CED2AE18C3A18E0020081A /* AppDelegate.h */ = {isa = PBXFileReference; lastKnownFileType = sourcecode.c.h; path = AppDelegate.h; sourceTree = "<group>"; };
		30CED2AF18C3A18E0020081A /* AppDelegate.m */ = {isa = PBXFileReference; lastKnownFileType = sourcecode.c.objc; path = AppDelegate.m; sourceTree = "<group>"; };
		30CED2B218C3A18E0020081A /* Base */ = {isa = PBXFileReference; lastKnownFileType = file.storyboard; name = Base; path = Base.lproj/Main.storyboard; sourceTree = "<group>"; };
		30CED2B418C3A18E0020081A /* ViewController.h */ = {isa = PBXFileReference; lastKnownFileType = sourcecode.c.h; path = ViewController.h; sourceTree = "<group>"; };
		30CED2B518C3A18E0020081A /* ViewController.m */ = {isa = PBXFileReference; lastKnownFileType = sourcecode.c.objc; path = ViewController.m; sourceTree = "<group>"; };
		30CED2B718C3A18E0020081A /* Images.xcassets */ = {isa = PBXFileReference; lastKnownFileType = folder.assetcatalog; path = Images.xcassets; sourceTree = "<group>"; };
		30CED2BD18C3A18E0020081A /* TweetTrendsTests.xctest */ = {isa = PBXFileReference; explicitFileType = wrapper.cfbundle; includeInIndex = 0; path = TweetTrendsTests.xctest; sourceTree = BUILT_PRODUCTS_DIR; };
		30CED2BE18C3A18E0020081A /* XCTest.framework */ = {isa = PBXFileReference; lastKnownFileType = wrapper.framework; name = XCTest.framework; path = Library/Frameworks/XCTest.framework; sourceTree = DEVELOPER_DIR; };
		30CED2C618C3A18E0020081A /* TweetTrendsTests-Info.plist */ = {isa = PBXFileReference; lastKnownFileType = text.plist.xml; path = "TweetTrendsTests-Info.plist"; sourceTree = "<group>"; };
		30CED2C818C3A18E0020081A /* en */ = {isa = PBXFileReference; lastKnownFileType = text.plist.strings; name = en; path = en.lproj/InfoPlist.strings; sourceTree = "<group>"; };
		30CED2CA18C3A18E0020081A /* TweetTrendsTests.m */ = {isa = PBXFileReference; lastKnownFileType = sourcecode.c.objc; path = TweetTrendsTests.m; sourceTree = "<group>"; };
/* End PBXFileReference section */

/* Begin PBXFrameworksBuildPhase section */
		30CED29918C3A18E0020081A /* Frameworks */ = {
			isa = PBXFrameworksBuildPhase;
			buildActionMask = 2147483647;
			files = (
				30CED2A218C3A18E0020081A /* CoreGraphics.framework in Frameworks */,
				30CED2A418C3A18E0020081A /* UIKit.framework in Frameworks */,
				30CED2A018C3A18E0020081A /* Foundation.framework in Frameworks */,
			);
			runOnlyForDeploymentPostprocessing = 0;
		};
		30CED2BA18C3A18E0020081A /* Frameworks */ = {
			isa = PBXFrameworksBuildPhase;
			buildActionMask = 2147483647;
			files = (
				30CED2BF18C3A18E0020081A /* XCTest.framework in Frameworks */,
				30CED2C118C3A18E0020081A /* UIKit.framework in Frameworks */,
				30CED2C018C3A18E0020081A /* Foundation.framework in Frameworks */,
			);
			runOnlyForDeploymentPostprocessing = 0;
		};
/* End PBXFrameworksBuildPhase section */

/* Begin PBXGroup section */
		30CED29318C3A18E0020081A = {
			isa = PBXGroup;
			children = (
				30CED2A518C3A18E0020081A /* TweetTrends */,
				30CED2C418C3A18E0020081A /* TweetTrendsTests */,
				30CED29E18C3A18E0020081A /* Frameworks */,
				30CED29D18C3A18E0020081A /* Products */,
			);
			sourceTree = "<group>";
		};
		30CED29D18C3A18E0020081A /* Products */ = {
			isa = PBXGroup;
			children = (
				30CED29C18C3A18E0020081A /* TweetTrends.app */,
				30CED2BD18C3A18E0020081A /* TweetTrendsTests.xctest */,
			);
			name = Products;
			sourceTree = "<group>";
		};
		30CED29E18C3A18E0020081A /* Frameworks */ = {
			isa = PBXGroup;
			children = (
				30CED29F18C3A18E0020081A /* Foundation.framework */,
				30CED2A118C3A18E0020081A /* CoreGraphics.framework */,
				30CED2A318C3A18E0020081A /* UIKit.framework */,
				30CED2BE18C3A18E0020081A /* XCTest.framework */,
			);
			name = Frameworks;
			sourceTree = "<group>";
		};
		30CED2A518C3A18E0020081A /* TweetTrends */ = {
			isa = PBXGroup;
			children = (
				30CED2AE18C3A18E0020081A /* AppDelegate.h */,
				30CED2AF18C3A18E0020081A /* AppDelegate.m */,
				30CED2B118C3A18E0020081A /* Main.storyboard */,
				30CED2B418C3A18E0020081A /* ViewController.h */,
				30CED2B518C3A18E0020081A /* ViewController.m */,
				30CED2B718C3A18E0020081A /* Images.xcassets */,
				30CED2A618C3A18E0020081A /* Supporting Files */,
			);
			path = TweetTrends;
			sourceTree = "<group>";
		};
		30CED2A618C3A18E0020081A /* Supporting Files */ = {
			isa = PBXGroup;
			children = (
				30CED2A718C3A18E0020081A /* TweetTrends-Info.plist */,
				30CED2A818C3A18E0020081A /* InfoPlist.strings */,
				30CED2AB18C3A18E0020081A /* main.m */,
				30CED2AD18C3A18E0020081A /* TweetTrends-Prefix.pch */,
			);
			name = "Supporting Files";
			sourceTree = "<group>";
		};
		30CED2C418C3A18E0020081A /* TweetTrendsTests */ = {
			isa = PBXGroup;
			children = (
				30CED2CA18C3A18E0020081A /* TweetTrendsTests.m */,
				30CED2C518C3A18E0020081A /* Supporting Files */,
			);
			path = TweetTrendsTests;
			sourceTree = "<group>";
		};
		30CED2C518C3A18E0020081A /* Supporting Files */ = {
			isa = PBXGroup;
			children = (
				30CED2C618C3A18E0020081A /* TweetTrendsTests-Info.plist */,
				30CED2C718C3A18E0020081A /* InfoPlist.strings */,
			);
			name = "Supporting Files";
			sourceTree = "<group>";
		};
/* End PBXGroup section */

/* Begin PBXNativeTarget section */
		30CED29B18C3A18E0020081A /* TweetTrends */ = {
			isa = PBXNativeTarget;
			buildConfigurationList = 30CED2CE18C3A18E0020081A /* Build configuration list for PBXNativeTarget "TweetTrends" */;
			buildPhases = (
				30CED29818C3A18E0020081A /* Sources */,
				30CED29918C3A18E0020081A /* Frameworks */,
				30CED29A18C3A18E0020081A /* Resources */,
			);
			buildRules = (
			);
			dependencies = (
			);
			name = TweetTrends;
			productName = TweetTrends;
			productReference = 30CED29C18C3A18E0020081A /* TweetTrends.app */;
			productType = "com.apple.product-type.application";
		};
		30CED2BC18C3A18E0020081A /* TweetTrendsTests */ = {
			isa = PBXNativeTarget;
			buildConfigurationList = 30CED2D118C3A18E0020081A /* Build configuration list for PBXNativeTarget "TweetTrendsTests" */;
			buildPhases = (
				30CED2B918C3A18E0020081A /* Sources */,
				30CED2BA18C3A18E0020081A /* Frameworks */,
				30CED2BB18C3A18E0020081A /* Resources */,
			);
			buildRules = (
			);
			dependencies = (
				30CED2C318C3A18E0020081A /* PBXTargetDependency */,
			);
			name = TweetTrendsTests;
			productName = TweetTrendsTests;
			productReference = 30CED2BD18C3A18E0020081A /* TweetTrendsTests.xctest */;
			productType = "com.apple.product-type.bundle.unit-test";
		};
/* End PBXNativeTarget section */

/* Begin PBXProject section */
		30CED29418C3A18E0020081A /* Project object */ = {
			isa = PBXProject;
			attributes = {
				LastUpgradeCheck = 0500;
				ORGANIZATIONNAME = PRATIK;
				TargetAttributes = {
					30CED2BC18C3A18E0020081A = {
						TestTargetID = 30CED29B18C3A18E0020081A;
					};
				};
			};
			buildConfigurationList = 30CED29718C3A18E0020081A /* Build configuration list for PBXProject "TweetTrends" */;
			compatibilityVersion = "Xcode 3.2";
			developmentRegion = English;
			hasScannedForEncodings = 0;
			knownRegions = (
				en,
				Base,
			);
			mainGroup = 30CED29318C3A18E0020081A;
			productRefGroup = 30CED29D18C3A18E0020081A /* Products */;
			projectDirPath = "";
			projectRoot = "";
			targets = (
				30CED29B18C3A18E0020081A /* TweetTrends */,
				30CED2BC18C3A18E0020081A /* TweetTrendsTests */,
			);
		};
/* End PBXProject section */

/* Begin PBXResourcesBuildPhase section */
		30CED29A18C3A18E0020081A /* Resources */ = {
			isa = PBXResourcesBuildPhase;
			buildActionMask = 2147483647;
			files = (
				30CED2B818C3A18E0020081A /* Images.xcassets in Resources */,
				30CED2AA18C3A18E0020081A /* InfoPlist.strings in Resources */,
				30CED2B318C3A18E0020081A /* Main.storyboard in Resources */,
			);
			runOnlyForDeploymentPostprocessing = 0;
		};
		30CED2BB18C3A18E0020081A /* Resources */ = {
			isa = PBXResourcesBuildPhase;
			buildActionMask = 2147483647;
			files = (
				30CED2C918C3A18E0020081A /* InfoPlist.strings in Resources */,
			);
			runOnlyForDeploymentPostprocessing = 0;
		};
/* End PBXResourcesBuildPhase section */

/* Begin PBXSourcesBuildPhase section */
		30CED29818C3A18E0020081A /* Sources */ = {
			isa = PBXSourcesBuildPhase;
			buildActionMask = 2147483647;
			files = (
				30CED2B618C3A18E0020081A /* ViewController.m in Sources */,
				30CED2B018C3A18E0020081A /* AppDelegate.m in Sources */,
				30CED2AC18C3A18E0020081A /* main.m in Sources */,
			);
			runOnlyForDeploymentPostprocessing = 0;
		};
		30CED2B918C3A18E0020081A /* Sources */ = {
			isa = PBXSourcesBuildPhase;
			buildActionMask = 2147483647;
			files = (
				30CED2CB18C3A18E0020081A /* TweetTrendsTests.m in Sources */,
			);
			runOnlyForDeploymentPostprocessing = 0;
		};
/* End PBXSourcesBuildPhase section */

/* Begin PBXTargetDependency section */
		30CED2C318C3A18E0020081A /* PBXTargetDependency */ = {
			isa = PBXTargetDependency;
			target = 30CED29B18C3A18E0020081A /* TweetTrends */;
			targetProxy = 30CED2C218C3A18E0020081A /* PBXContainerItemProxy */;
		};
/* End PBXTargetDependency section */

/* Begin PBXVariantGroup section */
		30CED2A818C3A18E0020081A /* InfoPlist.strings */ = {
			isa = PBXVariantGroup;
			children = (
				30CED2A918C3A18E0020081A /* en */,
			);
			name = InfoPlist.strings;
			sourceTree = "<group>";
		};
		30CED2B118C3A18E0020081A /* Main.storyboard */ = {
			isa = PBXVariantGroup;
			children = (
				30CED2B218C3A18E0020081A /* Base */,
			);
			name = Main.storyboard;
			sourceTree = "<group>";
		};
		30CED2C718C3A18E0020081A /* InfoPlist.strings */ = {
			isa = PBXVariantGroup;
			children = (
				30CED2C818C3A18E0020081A /* en */,
			);
			name = InfoPlist.strings;
			sourceTree = "<group>";
		};
/* End PBXVariantGroup section */

/* Begin XCBuildConfiguration section */
		30CED2CC18C3A18E0020081A /* Debug */ = {
			isa = XCBuildConfiguration;
			buildSettings = {
				ALWAYS_SEARCH_USER_PATHS = NO;
				ARCHS = "$(ARCHS_STANDARD_INCLUDING_64_BIT)";
				CLANG_CXX_LANGUAGE_STANDARD = "gnu++0x";
				CLANG_CXX_LIBRARY = "libc++";
				CLANG_ENABLE_MODULES = YES;
				CLANG_ENABLE_OBJC_ARC = YES;
				CLANG_WARN_BOOL_CONVERSION = YES;
				CLANG_WARN_CONSTANT_CONVERSION = YES;
				CLANG_WARN_DIRECT_OBJC_ISA_USAGE = YES_ERROR;
				CLANG_WARN_EMPTY_BODY = YES;
				CLANG_WARN_ENUM_CONVERSION = YES;
				CLANG_WARN_INT_CONVERSION = YES;
				CLANG_WARN_OBJC_ROOT_CLASS = YES_ERROR;
				CLANG_WARN__DUPLICATE_METHOD_MATCH = YES;
				"CODE_SIGN_IDENTITY[sdk=iphoneos*]" = "iPhone Developer";
				COPY_PHASE_STRIP = NO;
				GCC_C_LANGUAGE_STANDARD = gnu99;
				GCC_DYNAMIC_NO_PIC = NO;
				GCC_OPTIMIZATION_LEVEL = 0;
				GCC_PREPROCESSOR_DEFINITIONS = (
					"DEBUG=1",
					"$(inherited)",
				);
				GCC_SYMBOLS_PRIVATE_EXTERN = NO;
				GCC_WARN_64_TO_32_BIT_CONVERSION = YES;
				GCC_WARN_ABOUT_RETURN_TYPE = YES_ERROR;
				GCC_WARN_UNDECLARED_SELECTOR = YES;
				GCC_WARN_UNINITIALIZED_AUTOS = YES;
				GCC_WARN_UNUSED_FUNCTION = YES;
				GCC_WARN_UNUSED_VARIABLE = YES;
				IPHONEOS_DEPLOYMENT_TARGET = 7.0;
				ONLY_ACTIVE_ARCH = YES;
				SDKROOT = iphoneos;
			};
			name = Debug;
		};
		30CED2CD18C3A18E0020081A /* Release */ = {
			isa = XCBuildConfiguration;
			buildSettings = {
				ALWAYS_SEARCH_USER_PATHS = NO;
				ARCHS = "$(ARCHS_STANDARD_INCLUDING_64_BIT)";
				CLANG_CXX_LANGUAGE_STANDARD = "gnu++0x";
				CLANG_CXX_LIBRARY = "libc++";
				CLANG_ENABLE_MODULES = YES;
				CLANG_ENABLE_OBJC_ARC = YES;
				CLANG_WARN_BOOL_CONVERSION = YES;
				CLANG_WARN_CONSTANT_CONVERSION = YES;
				CLANG_WARN_DIRECT_OBJC_ISA_USAGE = YES_ERROR;
				CLANG_WARN_EMPTY_BODY = YES;
				CLANG_WARN_ENUM_CONVERSION = YES;
				CLANG_WARN_INT_CONVERSION = YES;
				CLANG_WARN_OBJC_ROOT_CLASS = YES_ERROR;
				CLANG_WARN__DUPLICATE_METHOD_MATCH = YES;
				"CODE_SIGN_IDENTITY[sdk=iphoneos*]" = "iPhone Developer";
				COPY_PHASE_STRIP = YES;
				ENABLE_NS_ASSERTIONS = NO;
				GCC_C_LANGUAGE_STANDARD = gnu99;
				GCC_WARN_64_TO_32_BIT_CONVERSION = YES;
				GCC_WARN_ABOUT_RETURN_TYPE = YES_ERROR;
				GCC_WARN_UNDECLARED_SELECTOR = YES;
				GCC_WARN_UNINITIALIZED_AUTOS = YES;
				GCC_WARN_UNUSED_FUNCTION = YES;
				GCC_WARN_UNUSED_VARIABLE = YES;
				IPHONEOS_DEPLOYMENT_TARGET = 7.0;
				SDKROOT = iphoneos;
				VALIDATE_PRODUCT = YES;
			};
			name = Release;
		};
		30CED2CF18C3A18E0020081A /* Debug */ = {
			isa = XCBuildConfiguration;
			buildSettings = {
				ASSETCATALOG_COMPILER_APPICON_NAME = AppIcon;
				ASSETCATALOG_COMPILER_LAUNCHIMAGE_NAME = LaunchImage;
				GCC_PRECOMPILE_PREFIX_HEADER = YES;
				GCC_PREFIX_HEADER = "TweetTrends/TweetTrends-Prefix.pch";
				INFOPLIST_FILE = "TweetTrends/TweetTrends-Info.plist";
				PRODUCT_NAME = "$(TARGET_NAME)";
				WRAPPER_EXTENSION = app;
			};
			name = Debug;
		};
		30CED2D018C3A18E0020081A /* Release */ = {
			isa = XCBuildConfiguration;
			buildSettings = {
				ASSETCATALOG_COMPILER_APPICON_NAME = AppIcon;
				ASSETCATALOG_COMPILER_LAUNCHIMAGE_NAME = LaunchImage;
				GCC_PRECOMPILE_PREFIX_HEADER = YES;
				GCC_PREFIX_HEADER = "TweetTrends/TweetTrends-Prefix.pch";
				INFOPLIST_FILE = "TweetTrends/TweetTrends-Info.plist";
				PRODUCT_NAME = "$(TARGET_NAME)";
				WRAPPER_EXTENSION = app;
			};
			name = Release;
		};
		30CED2D218C3A18E0020081A /* Debug */ = {
			isa = XCBuildConfiguration;
			buildSettings = {
				ARCHS = "$(ARCHS_STANDARD_INCLUDING_64_BIT)";
				BUNDLE_LOADER = "$(BUILT_PRODUCTS_DIR)/TweetTrends.app/TweetTrends";
				FRAMEWORK_SEARCH_PATHS = (
					"$(SDKROOT)/Developer/Library/Frameworks",
					"$(inherited)",
					"$(DEVELOPER_FRAMEWORKS_DIR)",
				);
				GCC_PRECOMPILE_PREFIX_HEADER = YES;
				GCC_PREFIX_HEADER = "TweetTrends/TweetTrends-Prefix.pch";
				GCC_PREPROCESSOR_DEFINITIONS = (
					"DEBUG=1",
					"$(inherited)",
				);
				INFOPLIST_FILE = "TweetTrendsTests/TweetTrendsTests-Info.plist";
				PRODUCT_NAME = "$(TARGET_NAME)";
				TEST_HOST = "$(BUNDLE_LOADER)";
				WRAPPER_EXTENSION = xctest;
			};
			name = Debug;
		};
		30CED2D318C3A18E0020081A /* Release */ = {
			isa = XCBuildConfiguration;
			buildSettings = {
				ARCHS = "$(ARCHS_STANDARD_INCLUDING_64_BIT)";
				BUNDLE_LOADER = "$(BUILT_PRODUCTS_DIR)/TweetTrends.app/TweetTrends";
				FRAMEWORK_SEARCH_PATHS = (
					"$(SDKROOT)/Developer/Library/Frameworks",
					"$(inherited)",
					"$(DEVELOPER_FRAMEWORKS_DIR)",
				);
				GCC_PRECOMPILE_PREFIX_HEADER = YES;
				GCC_PREFIX_HEADER = "TweetTrends/TweetTrends-Prefix.pch";
				INFOPLIST_FILE = "TweetTrendsTests/TweetTrendsTests-Info.plist";
				PRODUCT_NAME = "$(TARGET_NAME)";
				TEST_HOST = "$(BUNDLE_LOADER)";
				WRAPPER_EXTENSION = xctest;
			};
			name = Release;
		};
/* End XCBuildConfiguration section */

/* Begin XCConfigurationList section */
		30CED29718C3A18E0020081A /* Build configuration list for PBXProject "TweetTrends" */ = {
			isa = XCConfigurationList;
			buildConfigurations = (
				30CED2CC18C3A18E0020081A /* Debug */,
				30CED2CD18C3A18E0020081A /* Release */,
			);
			defaultConfigurationIsVisible = 0;
			defaultConfigurationName = Release;
		};
		30CED2CE18C3A18E0020081A /* Build configuration list for PBXNativeTarget "TweetTrends" */ = {
			isa = XCConfigurationList;
			buildConfigurations = (
				30CED2CF18C3A18E0020081A /* Debug */,
				30CED2D018C3A18E0020081A /* Release */,
			);
			defaultConfigurationIsVisible = 0;
		};
		30CED2D118C3A18E0020081A /* Build configuration list for PBXNativeTarget "TweetTrendsTests" */ = {
			isa = XCConfigurationList;
			buildConfigurations = (
				30CED2D218C3A18E0020081A /* Debug */,
				30CED2D318C3A18E0020081A /* Release */,
			);
			defaultConfigurationIsVisible = 0;
		};
/* End XCConfigurationList section */
	};
	rootObject = 30CED29418C3A18E0020081A /* Project object */;
}
